// !$*UTF8*$!
{
	archiveVersion = 1;
	classes = {
	};
	objectVersion = 53;
	objects = {

/* Begin PBXBuildFile section */
		1E4753A142752065A7CB0B37 /* Pods_TFY_POPControllerKit.framework in Frameworks */ = {isa = PBXBuildFile; fileRef = 53BA868F645F1E70A56D390C /* Pods_TFY_POPControllerKit.framework */; };
		32A9475C8AFFCA862FB27255 /* Pods_TFY_POPControllerKit_TFY_POPControllerKitUITests.framework in Frameworks */ = {isa = PBXBuildFile; fileRef = 3831D0E259283F306757DEAC /* Pods_TFY_POPControllerKit_TFY_POPControllerKitUITests.framework */; };
		3692184425493C0C004A99B8 /* AppDelegate.m in Sources */ = {isa = PBXBuildFile; fileRef = 3692184325493C0C004A99B8 /* AppDelegate.m */; };
		3692184725493C0C004A99B8 /* SceneDelegate.m in Sources */ = {isa = PBXBuildFile; fileRef = 3692184625493C0C004A99B8 /* SceneDelegate.m */; };
		3692184F25493C0E004A99B8 /* Assets.xcassets in Resources */ = {isa = PBXBuildFile; fileRef = 3692184E25493C0E004A99B8 /* Assets.xcassets */; };
		3692185225493C0E004A99B8 /* LaunchScreen.storyboard in Resources */ = {isa = PBXBuildFile; fileRef = 3692185025493C0E004A99B8 /* LaunchScreen.storyboard */; };
		3692185525493C0E004A99B8 /* main.m in Sources */ = {isa = PBXBuildFile; fileRef = 3692185425493C0E004A99B8 /* main.m */; };
		3692185F25493C0F004A99B8 /* TFY_POPControllerKitTests.m in Sources */ = {isa = PBXBuildFile; fileRef = 3692185E25493C0F004A99B8 /* TFY_POPControllerKitTests.m */; };
		3692186A25493C0F004A99B8 /* TFY_POPControllerKitUITests.m in Sources */ = {isa = PBXBuildFile; fileRef = 3692186925493C0F004A99B8 /* TFY_POPControllerKitUITests.m */; };
		3692189025493CB6004A99B8 /* UIViewController+TFY_PopController.m in Sources */ = {isa = PBXBuildFile; fileRef = 3692188325493CB6004A99B8 /* UIViewController+TFY_PopController.m */; };
		3692189125493CB6004A99B8 /* TFY_PopTransitioningDelegate.m in Sources */ = {isa = PBXBuildFile; fileRef = 3692188425493CB6004A99B8 /* TFY_PopTransitioningDelegate.m */; };
		3692189225493CB6004A99B8 /* TFY_NavAnimatedController.m in Sources */ = {isa = PBXBuildFile; fileRef = 3692188625493CB6004A99B8 /* TFY_NavAnimatedController.m */; };
		3692189325493CB6004A99B8 /* TFY_DefaultPopAnimator.m in Sources */ = {isa = PBXBuildFile; fileRef = 3692188825493CB6004A99B8 /* TFY_DefaultPopAnimator.m */; };
		3692189425493CB6004A99B8 /* TFY_NavAnimatedTransitioning.m in Sources */ = {isa = PBXBuildFile; fileRef = 3692188A25493CB6004A99B8 /* TFY_NavAnimatedTransitioning.m */; };
		3692189525493CB6004A99B8 /* TFY_PopControllerAnimatedTransitioning.m in Sources */ = {isa = PBXBuildFile; fileRef = 3692188D25493CB6004A99B8 /* TFY_PopControllerAnimatedTransitioning.m */; };
		3692189625493CB6004A99B8 /* TFY_PopController.m in Sources */ = {isa = PBXBuildFile; fileRef = 3692188F25493CB6004A99B8 /* TFY_PopController.m */; };
		369218B425493D5F004A99B8 /* POP_TwoController.m in Sources */ = {isa = PBXBuildFile; fileRef = 3692189F25493D5F004A99B8 /* POP_TwoController.m */; };
		369218B525493D5F004A99B8 /* POP_OneController.m in Sources */ = {isa = PBXBuildFile; fileRef = 369218A025493D5F004A99B8 /* POP_OneController.m */; };
		369218B625493D5F004A99B8 /* POP_FiveController.m in Sources */ = {isa = PBXBuildFile; fileRef = 369218A225493D5F004A99B8 /* POP_FiveController.m */; };
		369218B725493D5F004A99B8 /* POP_SevenController.m in Sources */ = {isa = PBXBuildFile; fileRef = 369218A425493D5F004A99B8 /* POP_SevenController.m */; };
		369218B825493D5F004A99B8 /* CatViewController.m in Sources */ = {isa = PBXBuildFile; fileRef = 369218A525493D5F004A99B8 /* CatViewController.m */; };
		369218B925493D5F004A99B8 /* POP_NavViewController.m in Sources */ = {isa = PBXBuildFile; fileRef = 369218A625493D5F004A99B8 /* POP_NavViewController.m */; };
		369218BA25493D5F004A99B8 /* POP_PickTypeViewController.m in Sources */ = {isa = PBXBuildFile; fileRef = 369218AA25493D5F004A99B8 /* POP_PickTypeViewController.m */; };
		369218BB25493D5F004A99B8 /* POP_SixController.m in Sources */ = {isa = PBXBuildFile; fileRef = 369218AB25493D5F004A99B8 /* POP_SixController.m */; };
		369218BC25493D5F004A99B8 /* POP_EightController.m in Sources */ = {isa = PBXBuildFile; fileRef = 369218AD25493D5F004A99B8 /* POP_EightController.m */; };
		369218BD25493D5F004A99B8 /* POP_FourController.m in Sources */ = {isa = PBXBuildFile; fileRef = 369218AF25493D5F004A99B8 /* POP_FourController.m */; };
		369218BE25493D5F004A99B8 /* POP_ThreeController.m in Sources */ = {isa = PBXBuildFile; fileRef = 369218B025493D5F004A99B8 /* POP_ThreeController.m */; };
		36C7B32029E7910F006A0A16 /* UIView+POP.m in Sources */ = {isa = PBXBuildFile; fileRef = 36C7B31E29E7910F006A0A16 /* UIView+POP.m */; };
		36C7B32329E79136006A0A16 /* TFY_PopTimer.m in Sources */ = {isa = PBXBuildFile; fileRef = 36C7B32229E79136006A0A16 /* TFY_PopTimer.m */; };
		36C7B32629E79427006A0A16 /* TFY_PopDragView.m in Sources */ = {isa = PBXBuildFile; fileRef = 36C7B32529E79427006A0A16 /* TFY_PopDragView.m */; };
		36C7B32929E794CB006A0A16 /* TFY_PopView.m in Sources */ = {isa = PBXBuildFile; fileRef = 36C7B32829E794CB006A0A16 /* TFY_PopView.m */; };
		8ED13E5A3DC3370C69DA4438 /* Pods_TFY_POPControllerKitTests.framework in Frameworks */ = {isa = PBXBuildFile; fileRef = 002BB4B9D68DDBB16BA7170A /* Pods_TFY_POPControllerKitTests.framework */; };
/* End PBXBuildFile section */

/* Begin PBXContainerItemProxy section */
		3692185B25493C0F004A99B8 /* PBXContainerItemProxy */ = {
			isa = PBXContainerItemProxy;
			containerPortal = 3692183725493C0C004A99B8 /* Project object */;
			proxyType = 1;
			remoteGlobalIDString = 3692183E25493C0C004A99B8;
			remoteInfo = TFY_POPControllerKit;
		};
		3692186625493C0F004A99B8 /* PBXContainerItemProxy */ = {
			isa = PBXContainerItemProxy;
			containerPortal = 3692183725493C0C004A99B8 /* Project object */;
			proxyType = 1;
			remoteGlobalIDString = 3692183E25493C0C004A99B8;
			remoteInfo = TFY_POPControllerKit;
		};
/* End PBXContainerItemProxy section */

/* Begin PBXFileReference section */
		002BB4B9D68DDBB16BA7170A /* Pods_TFY_POPControllerKitTests.framework */ = {isa = PBXFileReference; explicitFileType = wrapper.framework; includeInIndex = 0; path = Pods_TFY_POPControllerKitTests.framework; sourceTree = BUILT_PRODUCTS_DIR; };
		3692183F25493C0C004A99B8 /* TFY_POPControllerKit.app */ = {isa = PBXFileReference; explicitFileType = wrapper.application; includeInIndex = 0; path = TFY_POPControllerKit.app; sourceTree = BUILT_PRODUCTS_DIR; };
		3692184225493C0C004A99B8 /* AppDelegate.h */ = {isa = PBXFileReference; lastKnownFileType = sourcecode.c.h; path = AppDelegate.h; sourceTree = "<group>"; };
		3692184325493C0C004A99B8 /* AppDelegate.m */ = {isa = PBXFileReference; lastKnownFileType = sourcecode.c.objc; path = AppDelegate.m; sourceTree = "<group>"; };
		3692184525493C0C004A99B8 /* SceneDelegate.h */ = {isa = PBXFileReference; lastKnownFileType = sourcecode.c.h; path = SceneDelegate.h; sourceTree = "<group>"; };
		3692184625493C0C004A99B8 /* SceneDelegate.m */ = {isa = PBXFileReference; lastKnownFileType = sourcecode.c.objc; path = SceneDelegate.m; sourceTree = "<group>"; };
		3692184E25493C0E004A99B8 /* Assets.xcassets */ = {isa = PBXFileReference; lastKnownFileType = folder.assetcatalog; path = Assets.xcassets; sourceTree = "<group>"; };
		3692185125493C0E004A99B8 /* Base */ = {isa = PBXFileReference; lastKnownFileType = file.storyboard; name = Base; path = Base.lproj/LaunchScreen.storyboard; sourceTree = "<group>"; };
		3692185325493C0E004A99B8 /* Info.plist */ = {isa = PBXFileReference; lastKnownFileType = text.plist.xml; path = Info.plist; sourceTree = "<group>"; };
		3692185425493C0E004A99B8 /* main.m */ = {isa = PBXFileReference; lastKnownFileType = sourcecode.c.objc; path = main.m; sourceTree = "<group>"; };
		3692185A25493C0F004A99B8 /* TFY_POPControllerKitTests.xctest */ = {isa = PBXFileReference; explicitFileType = wrapper.cfbundle; includeInIndex = 0; path = TFY_POPControllerKitTests.xctest; sourceTree = BUILT_PRODUCTS_DIR; };
		3692185E25493C0F004A99B8 /* TFY_POPControllerKitTests.m */ = {isa = PBXFileReference; lastKnownFileType = sourcecode.c.objc; path = TFY_POPControllerKitTests.m; sourceTree = "<group>"; };
		3692186025493C0F004A99B8 /* Info.plist */ = {isa = PBXFileReference; lastKnownFileType = text.plist.xml; path = Info.plist; sourceTree = "<group>"; };
		3692186525493C0F004A99B8 /* TFY_POPControllerKitUITests.xctest */ = {isa = PBXFileReference; explicitFileType = wrapper.cfbundle; includeInIndex = 0; path = TFY_POPControllerKitUITests.xctest; sourceTree = BUILT_PRODUCTS_DIR; };
		3692186925493C0F004A99B8 /* TFY_POPControllerKitUITests.m */ = {isa = PBXFileReference; lastKnownFileType = sourcecode.c.objc; path = TFY_POPControllerKitUITests.m; sourceTree = "<group>"; };
		3692186B25493C0F004A99B8 /* Info.plist */ = {isa = PBXFileReference; lastKnownFileType = text.plist.xml; path = Info.plist; sourceTree = "<group>"; };
		3692188125493CB6004A99B8 /* TFY_NavAnimatedTransitioning.h */ = {isa = PBXFileReference; fileEncoding = 4; lastKnownFileType = sourcecode.c.h; path = TFY_NavAnimatedTransitioning.h; sourceTree = "<group>"; };
		3692188225493CB6004A99B8 /* TFY_PopControllerAnimationProtocol.h */ = {isa = PBXFileReference; fileEncoding = 4; lastKnownFileType = sourcecode.c.h; path = TFY_PopControllerAnimationProtocol.h; sourceTree = "<group>"; };
		3692188325493CB6004A99B8 /* UIViewController+TFY_PopController.m */ = {isa = PBXFileReference; fileEncoding = 4; lastKnownFileType = sourcecode.c.objc; path = "UIViewController+TFY_PopController.m"; sourceTree = "<group>"; };
		3692188425493CB6004A99B8 /* TFY_PopTransitioningDelegate.m */ = {isa = PBXFileReference; fileEncoding = 4; lastKnownFileType = sourcecode.c.objc; path = TFY_PopTransitioningDelegate.m; sourceTree = "<group>"; };
		3692188525493CB6004A99B8 /* TFY_PopController.h */ = {isa = PBXFileReference; fileEncoding = 4; lastKnownFileType = sourcecode.c.h; path = TFY_PopController.h; sourceTree = "<group>"; };
		3692188625493CB6004A99B8 /* TFY_NavAnimatedController.m */ = {isa = PBXFileReference; fileEncoding = 4; lastKnownFileType = sourcecode.c.objc; path = TFY_NavAnimatedController.m; sourceTree = "<group>"; };
		3692188725493CB6004A99B8 /* TFY_PopControllerAnimatedTransitioning.h */ = {isa = PBXFileReference; fileEncoding = 4; lastKnownFileType = sourcecode.c.h; path = TFY_PopControllerAnimatedTransitioning.h; sourceTree = "<group>"; };
		3692188825493CB6004A99B8 /* TFY_DefaultPopAnimator.m */ = {isa = PBXFileReference; fileEncoding = 4; lastKnownFileType = sourcecode.c.objc; path = TFY_DefaultPopAnimator.m; sourceTree = "<group>"; };
		3692188925493CB6004A99B8 /* UIViewController+TFY_PopController.h */ = {isa = PBXFileReference; fileEncoding = 4; lastKnownFileType = sourcecode.c.h; path = "UIViewController+TFY_PopController.h"; sourceTree = "<group>"; };
		3692188A25493CB6004A99B8 /* TFY_NavAnimatedTransitioning.m */ = {isa = PBXFileReference; fileEncoding = 4; lastKnownFileType = sourcecode.c.objc; path = TFY_NavAnimatedTransitioning.m; sourceTree = "<group>"; };
		3692188B25493CB6004A99B8 /* TFY_PopTransitioningDelegate.h */ = {isa = PBXFileReference; fileEncoding = 4; lastKnownFileType = sourcecode.c.h; path = TFY_PopTransitioningDelegate.h; sourceTree = "<group>"; };
		3692188C25493CB6004A99B8 /* TFY_DefaultPopAnimator.h */ = {isa = PBXFileReference; fileEncoding = 4; lastKnownFileType = sourcecode.c.h; path = TFY_DefaultPopAnimator.h; sourceTree = "<group>"; };
		3692188D25493CB6004A99B8 /* TFY_PopControllerAnimatedTransitioning.m */ = {isa = PBXFileReference; fileEncoding = 4; lastKnownFileType = sourcecode.c.objc; path = TFY_PopControllerAnimatedTransitioning.m; sourceTree = "<group>"; };
		3692188E25493CB6004A99B8 /* TFY_NavAnimatedController.h */ = {isa = PBXFileReference; fileEncoding = 4; lastKnownFileType = sourcecode.c.h; path = TFY_NavAnimatedController.h; sourceTree = "<group>"; };
		3692188F25493CB6004A99B8 /* TFY_PopController.m */ = {isa = PBXFileReference; fileEncoding = 4; lastKnownFileType = sourcecode.c.objc; path = TFY_PopController.m; sourceTree = "<group>"; };
		3692189E25493D5F004A99B8 /* POP_PickTypeViewController.h */ = {isa = PBXFileReference; fileEncoding = 4; lastKnownFileType = sourcecode.c.h; path = POP_PickTypeViewController.h; sourceTree = "<group>"; };
		3692189F25493D5F004A99B8 /* POP_TwoController.m */ = {isa = PBXFileReference; fileEncoding = 4; lastKnownFileType = sourcecode.c.objc; path = POP_TwoController.m; sourceTree = "<group>"; };
		369218A025493D5F004A99B8 /* POP_OneController.m */ = {isa = PBXFileReference; fileEncoding = 4; lastKnownFileType = sourcecode.c.objc; path = POP_OneController.m; sourceTree = "<group>"; };
		369218A125493D5F004A99B8 /* POP_SixController.h */ = {isa = PBXFileReference; fileEncoding = 4; lastKnownFileType = sourcecode.c.h; path = POP_SixController.h; sourceTree = "<group>"; };
		369218A225493D5F004A99B8 /* POP_FiveController.m */ = {isa = PBXFileReference; fileEncoding = 4; lastKnownFileType = sourcecode.c.objc; path = POP_FiveController.m; sourceTree = "<group>"; };
		369218A325493D5F004A99B8 /* POP_EightController.h */ = {isa = PBXFileReference; fileEncoding = 4; lastKnownFileType = sourcecode.c.h; path = POP_EightController.h; sourceTree = "<group>"; };
		369218A425493D5F004A99B8 /* POP_SevenController.m */ = {isa = PBXFileReference; fileEncoding = 4; lastKnownFileType = sourcecode.c.objc; path = POP_SevenController.m; sourceTree = "<group>"; };
		369218A525493D5F004A99B8 /* CatViewController.m */ = {isa = PBXFileReference; fileEncoding = 4; lastKnownFileType = sourcecode.c.objc; path = CatViewController.m; sourceTree = "<group>"; };
		369218A625493D5F004A99B8 /* POP_NavViewController.m */ = {isa = PBXFileReference; fileEncoding = 4; lastKnownFileType = sourcecode.c.objc; path = POP_NavViewController.m; sourceTree = "<group>"; };
		369218A725493D5F004A99B8 /* POP_ThreeController.h */ = {isa = PBXFileReference; fileEncoding = 4; lastKnownFileType = sourcecode.c.h; path = POP_ThreeController.h; sourceTree = "<group>"; };
		369218A825493D5F004A99B8 /* POP_FourController.h */ = {isa = PBXFileReference; fileEncoding = 4; lastKnownFileType = sourcecode.c.h; path = POP_FourController.h; sourceTree = "<group>"; };
		369218A925493D5F004A99B8 /* POP_TwoController.h */ = {isa = PBXFileReference; fileEncoding = 4; lastKnownFileType = sourcecode.c.h; path = POP_TwoController.h; sourceTree = "<group>"; };
		369218AA25493D5F004A99B8 /* POP_PickTypeViewController.m */ = {isa = PBXFileReference; fileEncoding = 4; lastKnownFileType = sourcecode.c.objc; path = POP_PickTypeViewController.m; sourceTree = "<group>"; };
		369218AB25493D5F004A99B8 /* POP_SixController.m */ = {isa = PBXFileReference; fileEncoding = 4; lastKnownFileType = sourcecode.c.objc; path = POP_SixController.m; sourceTree = "<group>"; };
		369218AC25493D5F004A99B8 /* POP_OneController.h */ = {isa = PBXFileReference; fileEncoding = 4; lastKnownFileType = sourcecode.c.h; path = POP_OneController.h; sourceTree = "<group>"; };
		369218AD25493D5F004A99B8 /* POP_EightController.m */ = {isa = PBXFileReference; fileEncoding = 4; lastKnownFileType = sourcecode.c.objc; path = POP_EightController.m; sourceTree = "<group>"; };
		369218AE25493D5F004A99B8 /* POP_FiveController.h */ = {isa = PBXFileReference; fileEncoding = 4; lastKnownFileType = sourcecode.c.h; path = POP_FiveController.h; sourceTree = "<group>"; };
		369218AF25493D5F004A99B8 /* POP_FourController.m */ = {isa = PBXFileReference; fileEncoding = 4; lastKnownFileType = sourcecode.c.objc; path = POP_FourController.m; sourceTree = "<group>"; };
		369218B025493D5F004A99B8 /* POP_ThreeController.m */ = {isa = PBXFileReference; fileEncoding = 4; lastKnownFileType = sourcecode.c.objc; path = POP_ThreeController.m; sourceTree = "<group>"; };
		369218B125493D5F004A99B8 /* POP_NavViewController.h */ = {isa = PBXFileReference; fileEncoding = 4; lastKnownFileType = sourcecode.c.h; path = POP_NavViewController.h; sourceTree = "<group>"; };
		369218B225493D5F004A99B8 /* CatViewController.h */ = {isa = PBXFileReference; fileEncoding = 4; lastKnownFileType = sourcecode.c.h; path = CatViewController.h; sourceTree = "<group>"; };
		369218B325493D5F004A99B8 /* POP_SevenController.h */ = {isa = PBXFileReference; fileEncoding = 4; lastKnownFileType = sourcecode.c.h; path = POP_SevenController.h; sourceTree = "<group>"; };
		369218C625493DB5004A99B8 /* POP_PrefixHeader.pch */ = {isa = PBXFileReference; lastKnownFileType = sourcecode.c.h; path = POP_PrefixHeader.pch; sourceTree = "<group>"; };
		36A7A800254A984F00802F0A /* TFY_PopControllerKit.h */ = {isa = PBXFileReference; lastKnownFileType = sourcecode.c.h; path = TFY_PopControllerKit.h; sourceTree = "<group>"; };
		36C7B31E29E7910F006A0A16 /* UIView+POP.m */ = {isa = PBXFileReference; fileEncoding = 4; lastKnownFileType = sourcecode.c.objc; path = "UIView+POP.m"; sourceTree = "<group>"; };
		36C7B31F29E7910F006A0A16 /* UIView+POP.h */ = {isa = PBXFileReference; fileEncoding = 4; lastKnownFileType = sourcecode.c.h; path = "UIView+POP.h"; sourceTree = "<group>"; };
		36C7B32129E79136006A0A16 /* TFY_PopTimer.h */ = {isa = PBXFileReference; lastKnownFileType = sourcecode.c.h; path = TFY_PopTimer.h; sourceTree = "<group>"; };
		36C7B32229E79136006A0A16 /* TFY_PopTimer.m */ = {isa = PBXFileReference; lastKnownFileType = sourcecode.c.objc; path = TFY_PopTimer.m; sourceTree = "<group>"; };
		36C7B32429E79427006A0A16 /* TFY_PopDragView.h */ = {isa = PBXFileReference; lastKnownFileType = sourcecode.c.h; path = TFY_PopDragView.h; sourceTree = "<group>"; };
		36C7B32529E79427006A0A16 /* TFY_PopDragView.m */ = {isa = PBXFileReference; lastKnownFileType = sourcecode.c.objc; path = TFY_PopDragView.m; sourceTree = "<group>"; };
		36C7B32729E794CB006A0A16 /* TFY_PopView.h */ = {isa = PBXFileReference; lastKnownFileType = sourcecode.c.h; path = TFY_PopView.h; sourceTree = "<group>"; };
		36C7B32829E794CB006A0A16 /* TFY_PopView.m */ = {isa = PBXFileReference; lastKnownFileType = sourcecode.c.objc; path = TFY_PopView.m; sourceTree = "<group>"; };
		36C7B32A29E794E8006A0A16 /* TFY_PopViewProtocol.h */ = {isa = PBXFileReference; lastKnownFileType = sourcecode.c.h; path = TFY_PopViewProtocol.h; sourceTree = "<group>"; };
		3831D0E259283F306757DEAC /* Pods_TFY_POPControllerKit_TFY_POPControllerKitUITests.framework */ = {isa = PBXFileReference; explicitFileType = wrapper.framework; includeInIndex = 0; path = Pods_TFY_POPControllerKit_TFY_POPControllerKitUITests.framework; sourceTree = BUILT_PRODUCTS_DIR; };
		408B31AE914C2E1B66A6D337 /* Pods-TFY_POPControllerKit.release.xcconfig */ = {isa = PBXFileReference; includeInIndex = 1; lastKnownFileType = text.xcconfig; name = "Pods-TFY_POPControllerKit.release.xcconfig"; path = "Target Support Files/Pods-TFY_POPControllerKit/Pods-TFY_POPControllerKit.release.xcconfig"; sourceTree = "<group>"; };
		50359B422D9174B696210D44 /* Pods-TFY_POPControllerKitTests.debug.xcconfig */ = {isa = PBXFileReference; includeInIndex = 1; lastKnownFileType = text.xcconfig; name = "Pods-TFY_POPControllerKitTests.debug.xcconfig"; path = "Target Support Files/Pods-TFY_POPControllerKitTests/Pods-TFY_POPControllerKitTests.debug.xcconfig"; sourceTree = "<group>"; };
		53BA868F645F1E70A56D390C /* Pods_TFY_POPControllerKit.framework */ = {isa = PBXFileReference; explicitFileType = wrapper.framework; includeInIndex = 0; path = Pods_TFY_POPControllerKit.framework; sourceTree = BUILT_PRODUCTS_DIR; };
		648CBBED4481A27F9C39DD2B /* Pods-TFY_POPControllerKit-TFY_POPControllerKitUITests.debug.xcconfig */ = {isa = PBXFileReference; includeInIndex = 1; lastKnownFileType = text.xcconfig; name = "Pods-TFY_POPControllerKit-TFY_POPControllerKitUITests.debug.xcconfig"; path = "Target Support Files/Pods-TFY_POPControllerKit-TFY_POPControllerKitUITests/Pods-TFY_POPControllerKit-TFY_POPControllerKitUITests.debug.xcconfig"; sourceTree = "<group>"; };
		9C06F0783267BD3AA60E2576 /* Pods-TFY_POPControllerKitTests.release.xcconfig */ = {isa = PBXFileReference; includeInIndex = 1; lastKnownFileType = text.xcconfig; name = "Pods-TFY_POPControllerKitTests.release.xcconfig"; path = "Target Support Files/Pods-TFY_POPControllerKitTests/Pods-TFY_POPControllerKitTests.release.xcconfig"; sourceTree = "<group>"; };
		C0D7267EFD0C68312BF1C6AD /* Pods-TFY_POPControllerKit-TFY_POPControllerKitUITests.release.xcconfig */ = {isa = PBXFileReference; includeInIndex = 1; lastKnownFileType = text.xcconfig; name = "Pods-TFY_POPControllerKit-TFY_POPControllerKitUITests.release.xcconfig"; path = "Target Support Files/Pods-TFY_POPControllerKit-TFY_POPControllerKitUITests/Pods-TFY_POPControllerKit-TFY_POPControllerKitUITests.release.xcconfig"; sourceTree = "<group>"; };
		E4A40C6B4680D2855C8DBAE6 /* Pods-TFY_POPControllerKit.debug.xcconfig */ = {isa = PBXFileReference; includeInIndex = 1; lastKnownFileType = text.xcconfig; name = "Pods-TFY_POPControllerKit.debug.xcconfig"; path = "Target Support Files/Pods-TFY_POPControllerKit/Pods-TFY_POPControllerKit.debug.xcconfig"; sourceTree = "<group>"; };
/* End PBXFileReference section */

/* Begin PBXFrameworksBuildPhase section */
		3692183C25493C0C004A99B8 /* Frameworks */ = {
			isa = PBXFrameworksBuildPhase;
			buildActionMask = 2147483647;
			files = (
				1E4753A142752065A7CB0B37 /* Pods_TFY_POPControllerKit.framework in Frameworks */,
			);
			runOnlyForDeploymentPostprocessing = 0;
		};
		3692185725493C0F004A99B8 /* Frameworks */ = {
			isa = PBXFrameworksBuildPhase;
			buildActionMask = 2147483647;
			files = (
				8ED13E5A3DC3370C69DA4438 /* Pods_TFY_POPControllerKitTests.framework in Frameworks */,
			);
			runOnlyForDeploymentPostprocessing = 0;
		};
		3692186225493C0F004A99B8 /* Frameworks */ = {
			isa = PBXFrameworksBuildPhase;
			buildActionMask = 2147483647;
			files = (
				32A9475C8AFFCA862FB27255 /* Pods_TFY_POPControllerKit_TFY_POPControllerKitUITests.framework in Frameworks */,
			);
			runOnlyForDeploymentPostprocessing = 0;
		};
/* End PBXFrameworksBuildPhase section */

/* Begin PBXGroup section */
		1CFC87E1810B1BFFE88CE737 /* Frameworks */ = {
			isa = PBXGroup;
			children = (
				53BA868F645F1E70A56D390C /* Pods_TFY_POPControllerKit.framework */,
				3831D0E259283F306757DEAC /* Pods_TFY_POPControllerKit_TFY_POPControllerKitUITests.framework */,
				002BB4B9D68DDBB16BA7170A /* Pods_TFY_POPControllerKitTests.framework */,
			);
			name = Frameworks;
			sourceTree = "<group>";
		};
		3692183625493C0C004A99B8 = {
			isa = PBXGroup;
			children = (
				3692184125493C0C004A99B8 /* TFY_POPControllerKit */,
				3692185D25493C0F004A99B8 /* TFY_POPControllerKitTests */,
				3692186825493C0F004A99B8 /* TFY_POPControllerKitUITests */,
				3692184025493C0C004A99B8 /* Products */,
				C4ADF45500EA97CF3C31A9E3 /* Pods */,
				1CFC87E1810B1BFFE88CE737 /* Frameworks */,
			);
			sourceTree = "<group>";
		};
		3692184025493C0C004A99B8 /* Products */ = {
			isa = PBXGroup;
			children = (
				3692183F25493C0C004A99B8 /* TFY_POPControllerKit.app */,
				3692185A25493C0F004A99B8 /* TFY_POPControllerKitTests.xctest */,
				3692186525493C0F004A99B8 /* TFY_POPControllerKitUITests.xctest */,
			);
			name = Products;
			sourceTree = "<group>";
		};
		3692184125493C0C004A99B8 /* TFY_POPControllerKit */ = {
			isa = PBXGroup;
			children = (
				369218C525493D9D004A99B8 /* PCH */,
				3692189D25493D5F004A99B8 /* POP */,
				3692188025493CB6004A99B8 /* TFY_PopController */,
				3692184225493C0C004A99B8 /* AppDelegate.h */,
				3692184325493C0C004A99B8 /* AppDelegate.m */,
				3692184525493C0C004A99B8 /* SceneDelegate.h */,
				3692184625493C0C004A99B8 /* SceneDelegate.m */,
				3692184E25493C0E004A99B8 /* Assets.xcassets */,
				3692185025493C0E004A99B8 /* LaunchScreen.storyboard */,
				3692185325493C0E004A99B8 /* Info.plist */,
				3692185425493C0E004A99B8 /* main.m */,
			);
			path = TFY_POPControllerKit;
			sourceTree = "<group>";
		};
		3692185D25493C0F004A99B8 /* TFY_POPControllerKitTests */ = {
			isa = PBXGroup;
			children = (
				3692185E25493C0F004A99B8 /* TFY_POPControllerKitTests.m */,
				3692186025493C0F004A99B8 /* Info.plist */,
			);
			path = TFY_POPControllerKitTests;
			sourceTree = "<group>";
		};
		3692186825493C0F004A99B8 /* TFY_POPControllerKitUITests */ = {
			isa = PBXGroup;
			children = (
				3692186925493C0F004A99B8 /* TFY_POPControllerKitUITests.m */,
				3692186B25493C0F004A99B8 /* Info.plist */,
			);
			path = TFY_POPControllerKitUITests;
			sourceTree = "<group>";
		};
		3692188025493CB6004A99B8 /* TFY_PopController */ = {
			isa = PBXGroup;
			children = (
				36A7A800254A984F00802F0A /* TFY_PopControllerKit.h */,
				36C7B31C29E7909F006A0A16 /* PopController */,
				36C7B31D29E7909F006A0A16 /* PopView */,
			);
			path = TFY_PopController;
			sourceTree = "<group>";
		};
		3692189D25493D5F004A99B8 /* POP */ = {
			isa = PBXGroup;
			children = (
				3692189E25493D5F004A99B8 /* POP_PickTypeViewController.h */,
				369218AA25493D5F004A99B8 /* POP_PickTypeViewController.m */,
				3692189F25493D5F004A99B8 /* POP_TwoController.m */,
				369218AC25493D5F004A99B8 /* POP_OneController.h */,
				369218A025493D5F004A99B8 /* POP_OneController.m */,
				369218A125493D5F004A99B8 /* POP_SixController.h */,
				369218A225493D5F004A99B8 /* POP_FiveController.m */,
				369218A325493D5F004A99B8 /* POP_EightController.h */,
				369218A425493D5F004A99B8 /* POP_SevenController.m */,
				369218A525493D5F004A99B8 /* CatViewController.m */,
				369218A625493D5F004A99B8 /* POP_NavViewController.m */,
				369218A725493D5F004A99B8 /* POP_ThreeController.h */,
				369218A825493D5F004A99B8 /* POP_FourController.h */,
				369218A925493D5F004A99B8 /* POP_TwoController.h */,
				369218AB25493D5F004A99B8 /* POP_SixController.m */,
				369218AD25493D5F004A99B8 /* POP_EightController.m */,
				369218AE25493D5F004A99B8 /* POP_FiveController.h */,
				369218AF25493D5F004A99B8 /* POP_FourController.m */,
				369218B025493D5F004A99B8 /* POP_ThreeController.m */,
				369218B125493D5F004A99B8 /* POP_NavViewController.h */,
				369218B225493D5F004A99B8 /* CatViewController.h */,
				369218B325493D5F004A99B8 /* POP_SevenController.h */,
			);
			path = POP;
			sourceTree = "<group>";
		};
		369218C525493D9D004A99B8 /* PCH */ = {
			isa = PBXGroup;
			children = (
				369218C625493DB5004A99B8 /* POP_PrefixHeader.pch */,
			);
			path = PCH;
			sourceTree = "<group>";
		};
		36C7B31C29E7909F006A0A16 /* PopController */ = {
			isa = PBXGroup;
			children = (
				3692188525493CB6004A99B8 /* TFY_PopController.h */,
				3692188F25493CB6004A99B8 /* TFY_PopController.m */,
				3692188E25493CB6004A99B8 /* TFY_NavAnimatedController.h */,
				3692188625493CB6004A99B8 /* TFY_NavAnimatedController.m */,
				3692188125493CB6004A99B8 /* TFY_NavAnimatedTransitioning.h */,
				3692188A25493CB6004A99B8 /* TFY_NavAnimatedTransitioning.m */,
				3692188B25493CB6004A99B8 /* TFY_PopTransitioningDelegate.h */,
				3692188425493CB6004A99B8 /* TFY_PopTransitioningDelegate.m */,
				3692188225493CB6004A99B8 /* TFY_PopControllerAnimationProtocol.h */,
				3692188925493CB6004A99B8 /* UIViewController+TFY_PopController.h */,
				3692188325493CB6004A99B8 /* UIViewController+TFY_PopController.m */,
				3692188725493CB6004A99B8 /* TFY_PopControllerAnimatedTransitioning.h */,
				3692188D25493CB6004A99B8 /* TFY_PopControllerAnimatedTransitioning.m */,
				3692188C25493CB6004A99B8 /* TFY_DefaultPopAnimator.h */,
				3692188825493CB6004A99B8 /* TFY_DefaultPopAnimator.m */,
			);
			path = PopController;
			sourceTree = "<group>";
		};
		36C7B31D29E7909F006A0A16 /* PopView */ = {
			isa = PBXGroup;
			children = (
				36C7B31F29E7910F006A0A16 /* UIView+POP.h */,
				36C7B31E29E7910F006A0A16 /* UIView+POP.m */,
				36C7B32129E79136006A0A16 /* TFY_PopTimer.h */,
				36C7B32229E79136006A0A16 /* TFY_PopTimer.m */,
				36C7B32429E79427006A0A16 /* TFY_PopDragView.h */,
				36C7B32529E79427006A0A16 /* TFY_PopDragView.m */,
				36C7B32729E794CB006A0A16 /* TFY_PopView.h */,
				36C7B32829E794CB006A0A16 /* TFY_PopView.m */,
				36C7B32A29E794E8006A0A16 /* TFY_PopViewProtocol.h */,
			);
			path = PopView;
			sourceTree = "<group>";
		};
		C4ADF45500EA97CF3C31A9E3 /* Pods */ = {
			isa = PBXGroup;
			children = (
				E4A40C6B4680D2855C8DBAE6 /* Pods-TFY_POPControllerKit.debug.xcconfig */,
				408B31AE914C2E1B66A6D337 /* Pods-TFY_POPControllerKit.release.xcconfig */,
				648CBBED4481A27F9C39DD2B /* Pods-TFY_POPControllerKit-TFY_POPControllerKitUITests.debug.xcconfig */,
				C0D7267EFD0C68312BF1C6AD /* Pods-TFY_POPControllerKit-TFY_POPControllerKitUITests.release.xcconfig */,
				50359B422D9174B696210D44 /* Pods-TFY_POPControllerKitTests.debug.xcconfig */,
				9C06F0783267BD3AA60E2576 /* Pods-TFY_POPControllerKitTests.release.xcconfig */,
			);
			path = Pods;
			sourceTree = "<group>";
		};
/* End PBXGroup section */

/* Begin PBXNativeTarget section */
		3692183E25493C0C004A99B8 /* TFY_POPControllerKit */ = {
			isa = PBXNativeTarget;
			buildConfigurationList = 3692186E25493C0F004A99B8 /* Build configuration list for PBXNativeTarget "TFY_POPControllerKit" */;
			buildPhases = (
				49CE2B5A99CBEE5547A99272 /* [CP] Check Pods Manifest.lock */,
				3692183B25493C0C004A99B8 /* Sources */,
				3692183C25493C0C004A99B8 /* Frameworks */,
				3692183D25493C0C004A99B8 /* Resources */,
				A3C21650F59B5EC4221FB754 /* [CP] Embed Pods Frameworks */,
			);
			buildRules = (
			);
			dependencies = (
			);
			name = TFY_POPControllerKit;
			productName = TFY_POPControllerKit;
			productReference = 3692183F25493C0C004A99B8 /* TFY_POPControllerKit.app */;
			productType = "com.apple.product-type.application";
		};
		3692185925493C0F004A99B8 /* TFY_POPControllerKitTests */ = {
			isa = PBXNativeTarget;
			buildConfigurationList = 3692187125493C0F004A99B8 /* Build configuration list for PBXNativeTarget "TFY_POPControllerKitTests" */;
			buildPhases = (
				9283B67D3BE8144F63AC93BB /* [CP] Check Pods Manifest.lock */,
				3692185625493C0F004A99B8 /* Sources */,
				3692185725493C0F004A99B8 /* Frameworks */,
				3692185825493C0F004A99B8 /* Resources */,
			);
			buildRules = (
			);
			dependencies = (
				3692185C25493C0F004A99B8 /* PBXTargetDependency */,
			);
			name = TFY_POPControllerKitTests;
			productName = TFY_POPControllerKitTests;
			productReference = 3692185A25493C0F004A99B8 /* TFY_POPControllerKitTests.xctest */;
			productType = "com.apple.product-type.bundle.unit-test";
		};
		3692186425493C0F004A99B8 /* TFY_POPControllerKitUITests */ = {
			isa = PBXNativeTarget;
			buildConfigurationList = 3692187425493C0F004A99B8 /* Build configuration list for PBXNativeTarget "TFY_POPControllerKitUITests" */;
			buildPhases = (
				B19C5660D3E90810893EDAEB /* [CP] Check Pods Manifest.lock */,
				3692186125493C0F004A99B8 /* Sources */,
				3692186225493C0F004A99B8 /* Frameworks */,
				3692186325493C0F004A99B8 /* Resources */,
				1AD7CDC62D2738EBA8E2DF71 /* [CP] Embed Pods Frameworks */,
			);
			buildRules = (
			);
			dependencies = (
				3692186725493C0F004A99B8 /* PBXTargetDependency */,
			);
			name = TFY_POPControllerKitUITests;
			productName = TFY_POPControllerKitUITests;
			productReference = 3692186525493C0F004A99B8 /* TFY_POPControllerKitUITests.xctest */;
			productType = "com.apple.product-type.bundle.ui-testing";
		};
/* End PBXNativeTarget section */

/* Begin PBXProject section */
		3692183725493C0C004A99B8 /* Project object */ = {
			isa = PBXProject;
			attributes = {
				BuildIndependentTargetsInParallel = YES;
				LastUpgradeCheck = 1430;
				TargetAttributes = {
					3692183E25493C0C004A99B8 = {
						CreatedOnToolsVersion = 12.1;
					};
					3692185925493C0F004A99B8 = {
						CreatedOnToolsVersion = 12.1;
						TestTargetID = 3692183E25493C0C004A99B8;
					};
					3692186425493C0F004A99B8 = {
						CreatedOnToolsVersion = 12.1;
						TestTargetID = 3692183E25493C0C004A99B8;
					};
				};
			};
			buildConfigurationList = 3692183A25493C0C004A99B8 /* Build configuration list for PBXProject "TFY_POPControllerKit" */;
			compatibilityVersion = "Xcode 9.3";
			developmentRegion = en;
			hasScannedForEncodings = 0;
			knownRegions = (
				en,
				Base,
			);
			mainGroup = 3692183625493C0C004A99B8;
			productRefGroup = 3692184025493C0C004A99B8 /* Products */;
			projectDirPath = "";
			projectRoot = "";
			targets = (
				3692183E25493C0C004A99B8 /* TFY_POPControllerKit */,
				3692185925493C0F004A99B8 /* TFY_POPControllerKitTests */,
				3692186425493C0F004A99B8 /* TFY_POPControllerKitUITests */,
			);
		};
/* End PBXProject section */

/* Begin PBXResourcesBuildPhase section */
		3692183D25493C0C004A99B8 /* Resources */ = {
			isa = PBXResourcesBuildPhase;
			buildActionMask = 2147483647;
			files = (
				3692185225493C0E004A99B8 /* LaunchScreen.storyboard in Resources */,
				3692184F25493C0E004A99B8 /* Assets.xcassets in Resources */,
			);
			runOnlyForDeploymentPostprocessing = 0;
		};
		3692185825493C0F004A99B8 /* Resources */ = {
			isa = PBXResourcesBuildPhase;
			buildActionMask = 2147483647;
			files = (
			);
			runOnlyForDeploymentPostprocessing = 0;
		};
		3692186325493C0F004A99B8 /* Resources */ = {
			isa = PBXResourcesBuildPhase;
			buildActionMask = 2147483647;
			files = (
			);
			runOnlyForDeploymentPostprocessing = 0;
		};
/* End PBXResourcesBuildPhase section */

/* Begin PBXShellScriptBuildPhase section */
		1AD7CDC62D2738EBA8E2DF71 /* [CP] Embed Pods Frameworks */ = {
			isa = PBXShellScriptBuildPhase;
			buildActionMask = 2147483647;
			files = (
			);
			inputFileListPaths = (
				"${PODS_ROOT}/Target Support Files/Pods-TFY_POPControllerKit-TFY_POPControllerKitUITests/Pods-TFY_POPControllerKit-TFY_POPControllerKitUITests-frameworks-${CONFIGURATION}-input-files.xcfilelist",
			);
			name = "[CP] Embed Pods Frameworks";
			outputFileListPaths = (
				"${PODS_ROOT}/Target Support Files/Pods-TFY_POPControllerKit-TFY_POPControllerKitUITests/Pods-TFY_POPControllerKit-TFY_POPControllerKitUITests-frameworks-${CONFIGURATION}-output-files.xcfilelist",
			);
			runOnlyForDeploymentPostprocessing = 0;
			shellPath = /bin/sh;
			shellScript = "\"${PODS_ROOT}/Target Support Files/Pods-TFY_POPControllerKit-TFY_POPControllerKitUITests/Pods-TFY_POPControllerKit-TFY_POPControllerKitUITests-frameworks.sh\"\n";
			showEnvVarsInLog = 0;
		};
		49CE2B5A99CBEE5547A99272 /* [CP] Check Pods Manifest.lock */ = {
			isa = PBXShellScriptBuildPhase;
			buildActionMask = 2147483647;
			files = (
			);
			inputFileListPaths = (
			);
			inputPaths = (
				"${PODS_PODFILE_DIR_PATH}/Podfile.lock",
				"${PODS_ROOT}/Manifest.lock",
			);
			name = "[CP] Check Pods Manifest.lock";
			outputFileListPaths = (
			);
			outputPaths = (
				"$(DERIVED_FILE_DIR)/Pods-TFY_POPControllerKit-checkManifestLockResult.txt",
			);
			runOnlyForDeploymentPostprocessing = 0;
			shellPath = /bin/sh;
			shellScript = "diff \"${PODS_PODFILE_DIR_PATH}/Podfile.lock\" \"${PODS_ROOT}/Manifest.lock\" > /dev/null\nif [ $? != 0 ] ; then\n    # print error to STDERR\n    echo \"error: The sandbox is not in sync with the Podfile.lock. Run 'pod install' or update your CocoaPods installation.\" >&2\n    exit 1\nfi\n# This output is used by Xcode 'outputs' to avoid re-running this script phase.\necho \"SUCCESS\" > \"${SCRIPT_OUTPUT_FILE_0}\"\n";
			showEnvVarsInLog = 0;
		};
		9283B67D3BE8144F63AC93BB /* [CP] Check Pods Manifest.lock */ = {
			isa = PBXShellScriptBuildPhase;
			buildActionMask = 2147483647;
			files = (
			);
			inputFileListPaths = (
			);
			inputPaths = (
				"${PODS_PODFILE_DIR_PATH}/Podfile.lock",
				"${PODS_ROOT}/Manifest.lock",
			);
			name = "[CP] Check Pods Manifest.lock";
			outputFileListPaths = (
			);
			outputPaths = (
				"$(DERIVED_FILE_DIR)/Pods-TFY_POPControllerKitTests-checkManifestLockResult.txt",
			);
			runOnlyForDeploymentPostprocessing = 0;
			shellPath = /bin/sh;
			shellScript = "diff \"${PODS_PODFILE_DIR_PATH}/Podfile.lock\" \"${PODS_ROOT}/Manifest.lock\" > /dev/null\nif [ $? != 0 ] ; then\n    # print error to STDERR\n    echo \"error: The sandbox is not in sync with the Podfile.lock. Run 'pod install' or update your CocoaPods installation.\" >&2\n    exit 1\nfi\n# This output is used by Xcode 'outputs' to avoid re-running this script phase.\necho \"SUCCESS\" > \"${SCRIPT_OUTPUT_FILE_0}\"\n";
			showEnvVarsInLog = 0;
		};
		A3C21650F59B5EC4221FB754 /* [CP] Embed Pods Frameworks */ = {
			isa = PBXShellScriptBuildPhase;
			buildActionMask = 2147483647;
			files = (
			);
			inputFileListPaths = (
				"${PODS_ROOT}/Target Support Files/Pods-TFY_POPControllerKit/Pods-TFY_POPControllerKit-frameworks-${CONFIGURATION}-input-files.xcfilelist",
			);
			name = "[CP] Embed Pods Frameworks";
			outputFileListPaths = (
				"${PODS_ROOT}/Target Support Files/Pods-TFY_POPControllerKit/Pods-TFY_POPControllerKit-frameworks-${CONFIGURATION}-output-files.xcfilelist",
			);
			runOnlyForDeploymentPostprocessing = 0;
			shellPath = /bin/sh;
			shellScript = "\"${PODS_ROOT}/Target Support Files/Pods-TFY_POPControllerKit/Pods-TFY_POPControllerKit-frameworks.sh\"\n";
			showEnvVarsInLog = 0;
		};
		B19C5660D3E90810893EDAEB /* [CP] Check Pods Manifest.lock */ = {
			isa = PBXShellScriptBuildPhase;
			buildActionMask = 2147483647;
			files = (
			);
			inputFileListPaths = (
			);
			inputPaths = (
				"${PODS_PODFILE_DIR_PATH}/Podfile.lock",
				"${PODS_ROOT}/Manifest.lock",
			);
			name = "[CP] Check Pods Manifest.lock";
			outputFileListPaths = (
			);
			outputPaths = (
				"$(DERIVED_FILE_DIR)/Pods-TFY_POPControllerKit-TFY_POPControllerKitUITests-checkManifestLockResult.txt",
			);
			runOnlyForDeploymentPostprocessing = 0;
			shellPath = /bin/sh;
			shellScript = "diff \"${PODS_PODFILE_DIR_PATH}/Podfile.lock\" \"${PODS_ROOT}/Manifest.lock\" > /dev/null\nif [ $? != 0 ] ; then\n    # print error to STDERR\n    echo \"error: The sandbox is not in sync with the Podfile.lock. Run 'pod install' or update your CocoaPods installation.\" >&2\n    exit 1\nfi\n# This output is used by Xcode 'outputs' to avoid re-running this script phase.\necho \"SUCCESS\" > \"${SCRIPT_OUTPUT_FILE_0}\"\n";
			showEnvVarsInLog = 0;
		};
/* End PBXShellScriptBuildPhase section */

/* Begin PBXSourcesBuildPhase section */
		3692183B25493C0C004A99B8 /* Sources */ = {
			isa = PBXSourcesBuildPhase;
			buildActionMask = 2147483647;
			files = (
				3692189225493CB6004A99B8 /* TFY_NavAnimatedController.m in Sources */,
				3692189025493CB6004A99B8 /* UIViewController+TFY_PopController.m in Sources */,
				369218BC25493D5F004A99B8 /* POP_EightController.m in Sources */,
				369218BE25493D5F004A99B8 /* POP_ThreeController.m in Sources */,
				36C7B32929E794CB006A0A16 /* TFY_PopView.m in Sources */,
				3692189125493CB6004A99B8 /* TFY_PopTransitioningDelegate.m in Sources */,
				3692189325493CB6004A99B8 /* TFY_DefaultPopAnimator.m in Sources */,
				36C7B32329E79136006A0A16 /* TFY_PopTimer.m in Sources */,
				369218B825493D5F004A99B8 /* CatViewController.m in Sources */,
				3692184425493C0C004A99B8 /* AppDelegate.m in Sources */,
				369218B425493D5F004A99B8 /* POP_TwoController.m in Sources */,
				369218B925493D5F004A99B8 /* POP_NavViewController.m in Sources */,
				369218BB25493D5F004A99B8 /* POP_SixController.m in Sources */,
				369218BA25493D5F004A99B8 /* POP_PickTypeViewController.m in Sources */,
				36C7B32029E7910F006A0A16 /* UIView+POP.m in Sources */,
				369218B725493D5F004A99B8 /* POP_SevenController.m in Sources */,
				369218B625493D5F004A99B8 /* POP_FiveController.m in Sources */,
				3692185525493C0E004A99B8 /* main.m in Sources */,
				369218B525493D5F004A99B8 /* POP_OneController.m in Sources */,
				3692189625493CB6004A99B8 /* TFY_PopController.m in Sources */,
				3692184725493C0C004A99B8 /* SceneDelegate.m in Sources */,
				369218BD25493D5F004A99B8 /* POP_FourController.m in Sources */,
				3692189525493CB6004A99B8 /* TFY_PopControllerAnimatedTransitioning.m in Sources */,
				36C7B32629E79427006A0A16 /* TFY_PopDragView.m in Sources */,
				3692189425493CB6004A99B8 /* TFY_NavAnimatedTransitioning.m in Sources */,
			);
			runOnlyForDeploymentPostprocessing = 0;
		};
		3692185625493C0F004A99B8 /* Sources */ = {
			isa = PBXSourcesBuildPhase;
			buildActionMask = 2147483647;
			files = (
				3692185F25493C0F004A99B8 /* TFY_POPControllerKitTests.m in Sources */,
			);
			runOnlyForDeploymentPostprocessing = 0;
		};
		3692186125493C0F004A99B8 /* Sources */ = {
			isa = PBXSourcesBuildPhase;
			buildActionMask = 2147483647;
			files = (
				3692186A25493C0F004A99B8 /* TFY_POPControllerKitUITests.m in Sources */,
			);
			runOnlyForDeploymentPostprocessing = 0;
		};
/* End PBXSourcesBuildPhase section */

/* Begin PBXTargetDependency section */
		3692185C25493C0F004A99B8 /* PBXTargetDependency */ = {
			isa = PBXTargetDependency;
			target = 3692183E25493C0C004A99B8 /* TFY_POPControllerKit */;
			targetProxy = 3692185B25493C0F004A99B8 /* PBXContainerItemProxy */;
		};
		3692186725493C0F004A99B8 /* PBXTargetDependency */ = {
			isa = PBXTargetDependency;
			target = 3692183E25493C0C004A99B8 /* TFY_POPControllerKit */;
			targetProxy = 3692186625493C0F004A99B8 /* PBXContainerItemProxy */;
		};
/* End PBXTargetDependency section */

/* Begin PBXVariantGroup section */
		3692185025493C0E004A99B8 /* LaunchScreen.storyboard */ = {
			isa = PBXVariantGroup;
			children = (
				3692185125493C0E004A99B8 /* Base */,
			);
			name = LaunchScreen.storyboard;
			sourceTree = "<group>";
		};
/* End PBXVariantGroup section */

/* Begin XCBuildConfiguration section */
		3692186C25493C0F004A99B8 /* Debug */ = {
			isa = XCBuildConfiguration;
			buildSettings = {
				ALWAYS_SEARCH_USER_PATHS = NO;
				CLANG_ANALYZER_NONNULL = YES;
				CLANG_ANALYZER_NUMBER_OBJECT_CONVERSION = YES_AGGRESSIVE;
				CLANG_CXX_LANGUAGE_STANDARD = "gnu++14";
				CLANG_CXX_LIBRARY = "libc++";
				CLANG_ENABLE_MODULES = YES;
				CLANG_ENABLE_OBJC_ARC = YES;
				CLANG_ENABLE_OBJC_WEAK = YES;
				CLANG_WARN_BLOCK_CAPTURE_AUTORELEASING = YES;
				CLANG_WARN_BOOL_CONVERSION = YES;
				CLANG_WARN_COMMA = YES;
				CLANG_WARN_CONSTANT_CONVERSION = YES;
				CLANG_WARN_DEPRECATED_OBJC_IMPLEMENTATIONS = YES;
				CLANG_WARN_DIRECT_OBJC_ISA_USAGE = YES_ERROR;
				CLANG_WARN_DOCUMENTATION_COMMENTS = YES;
				CLANG_WARN_EMPTY_BODY = YES;
				CLANG_WARN_ENUM_CONVERSION = YES;
				CLANG_WARN_INFINITE_RECURSION = YES;
				CLANG_WARN_INT_CONVERSION = YES;
				CLANG_WARN_NON_LITERAL_NULL_CONVERSION = YES;
				CLANG_WARN_OBJC_IMPLICIT_RETAIN_SELF = YES;
				CLANG_WARN_OBJC_LITERAL_CONVERSION = YES;
				CLANG_WARN_OBJC_ROOT_CLASS = YES_ERROR;
				CLANG_WARN_QUOTED_INCLUDE_IN_FRAMEWORK_HEADER = YES;
				CLANG_WARN_RANGE_LOOP_ANALYSIS = YES;
				CLANG_WARN_STRICT_PROTOTYPES = YES;
				CLANG_WARN_SUSPICIOUS_MOVE = YES;
				CLANG_WARN_UNGUARDED_AVAILABILITY = YES_AGGRESSIVE;
				CLANG_WARN_UNREACHABLE_CODE = YES;
				CLANG_WARN__DUPLICATE_METHOD_MATCH = YES;
				COPY_PHASE_STRIP = NO;
				DEBUG_INFORMATION_FORMAT = dwarf;
				ENABLE_STRICT_OBJC_MSGSEND = YES;
				ENABLE_TESTABILITY = YES;
				GCC_C_LANGUAGE_STANDARD = gnu11;
				GCC_DYNAMIC_NO_PIC = NO;
				GCC_NO_COMMON_BLOCKS = YES;
				GCC_OPTIMIZATION_LEVEL = 0;
				GCC_PREPROCESSOR_DEFINITIONS = (
					"DEBUG=1",
					"$(inherited)",
				);
				GCC_WARN_64_TO_32_BIT_CONVERSION = YES;
				GCC_WARN_ABOUT_RETURN_TYPE = YES_ERROR;
				GCC_WARN_UNDECLARED_SELECTOR = YES;
				GCC_WARN_UNINITIALIZED_AUTOS = YES_AGGRESSIVE;
				GCC_WARN_UNUSED_FUNCTION = YES;
				GCC_WARN_UNUSED_VARIABLE = YES;
				IPHONEOS_DEPLOYMENT_TARGET = 16.4;
				MTL_ENABLE_DEBUG_INFO = INCLUDE_SOURCE;
				MTL_FAST_MATH = YES;
				ONLY_ACTIVE_ARCH = YES;
				SDKROOT = iphoneos;
			};
			name = Debug;
		};
		3692186D25493C0F004A99B8 /* Release */ = {
			isa = XCBuildConfiguration;
			buildSettings = {
				ALWAYS_SEARCH_USER_PATHS = NO;
				CLANG_ANALYZER_NONNULL = YES;
				CLANG_ANALYZER_NUMBER_OBJECT_CONVERSION = YES_AGGRESSIVE;
				CLANG_CXX_LANGUAGE_STANDARD = "gnu++14";
				CLANG_CXX_LIBRARY = "libc++";
				CLANG_ENABLE_MODULES = YES;
				CLANG_ENABLE_OBJC_ARC = YES;
				CLANG_ENABLE_OBJC_WEAK = YES;
				CLANG_WARN_BLOCK_CAPTURE_AUTORELEASING = YES;
				CLANG_WARN_BOOL_CONVERSION = YES;
				CLANG_WARN_COMMA = YES;
				CLANG_WARN_CONSTANT_CONVERSION = YES;
				CLANG_WARN_DEPRECATED_OBJC_IMPLEMENTATIONS = YES;
				CLANG_WARN_DIRECT_OBJC_ISA_USAGE = YES_ERROR;
				CLANG_WARN_DOCUMENTATION_COMMENTS = YES;
				CLANG_WARN_EMPTY_BODY = YES;
				CLANG_WARN_ENUM_CONVERSION = YES;
				CLANG_WARN_INFINITE_RECURSION = YES;
				CLANG_WARN_INT_CONVERSION = YES;
				CLANG_WARN_NON_LITERAL_NULL_CONVERSION = YES;
				CLANG_WARN_OBJC_IMPLICIT_RETAIN_SELF = YES;
				CLANG_WARN_OBJC_LITERAL_CONVERSION = YES;
				CLANG_WARN_OBJC_ROOT_CLASS = YES_ERROR;
				CLANG_WARN_QUOTED_INCLUDE_IN_FRAMEWORK_HEADER = YES;
				CLANG_WARN_RANGE_LOOP_ANALYSIS = YES;
				CLANG_WARN_STRICT_PROTOTYPES = YES;
				CLANG_WARN_SUSPICIOUS_MOVE = YES;
				CLANG_WARN_UNGUARDED_AVAILABILITY = YES_AGGRESSIVE;
				CLANG_WARN_UNREACHABLE_CODE = YES;
				CLANG_WARN__DUPLICATE_METHOD_MATCH = YES;
				COPY_PHASE_STRIP = NO;
				DEBUG_INFORMATION_FORMAT = "dwarf-with-dsym";
				ENABLE_NS_ASSERTIONS = NO;
				ENABLE_STRICT_OBJC_MSGSEND = YES;
				GCC_C_LANGUAGE_STANDARD = gnu11;
				GCC_NO_COMMON_BLOCKS = YES;
				GCC_WARN_64_TO_32_BIT_CONVERSION = YES;
				GCC_WARN_ABOUT_RETURN_TYPE = YES_ERROR;
				GCC_WARN_UNDECLARED_SELECTOR = YES;
				GCC_WARN_UNINITIALIZED_AUTOS = YES_AGGRESSIVE;
				GCC_WARN_UNUSED_FUNCTION = YES;
				GCC_WARN_UNUSED_VARIABLE = YES;
				IPHONEOS_DEPLOYMENT_TARGET = 16.4;
				MTL_ENABLE_DEBUG_INFO = NO;
				MTL_FAST_MATH = YES;
				SDKROOT = iphoneos;
				VALIDATE_PRODUCT = YES;
			};
			name = Release;
		};
		3692186F25493C0F004A99B8 /* Debug */ = {
			isa = XCBuildConfiguration;
			baseConfigurationReference = E4A40C6B4680D2855C8DBAE6 /* Pods-TFY_POPControllerKit.debug.xcconfig */;
			buildSettings = {
				ASSETCATALOG_COMPILER_APPICON_NAME = AppIcon;
				ASSETCATALOG_COMPILER_GLOBAL_ACCENT_COLOR_NAME = AccentColor;
				CODE_SIGN_STYLE = Automatic;
				CURRENT_PROJECT_VERSION = 1.0.0;
				DEVELOPMENT_TEAM = W27SB687KJ;
				GCC_PRECOMPILE_PREFIX_HEADER = YES;
				GCC_PREFIX_HEADER = TFY_POPControllerKit/PCH/POP_PrefixHeader.pch;
				INFOPLIST_FILE = TFY_POPControllerKit/Info.plist;
				IPHONEOS_DEPLOYMENT_TARGET = 12.0;
				LD_RUNPATH_SEARCH_PATHS = (
					"$(inherited)",
					"@executable_path/Frameworks",
				);
				MARKETING_VERSION = 1.0.0;
				PRODUCT_BUNDLE_IDENTIFIER = "comCache.TFY-POPControllerKit";
				PRODUCT_NAME = "$(TARGET_NAME)";
				TARGETED_DEVICE_FAMILY = "1,2";
			};
			name = Debug;
		};
		3692187025493C0F004A99B8 /* Release */ = {
			isa = XCBuildConfiguration;
			baseConfigurationReference = 408B31AE914C2E1B66A6D337 /* Pods-TFY_POPControllerKit.release.xcconfig */;
			buildSettings = {
				ASSETCATALOG_COMPILER_APPICON_NAME = AppIcon;
				ASSETCATALOG_COMPILER_GLOBAL_ACCENT_COLOR_NAME = AccentColor;
				CODE_SIGN_STYLE = Automatic;
				CURRENT_PROJECT_VERSION = 1.0.0;
				DEVELOPMENT_TEAM = W27SB687KJ;
				GCC_PRECOMPILE_PREFIX_HEADER = YES;
				GCC_PREFIX_HEADER = TFY_POPControllerKit/PCH/POP_PrefixHeader.pch;
				INFOPLIST_FILE = TFY_POPControllerKit/Info.plist;
				IPHONEOS_DEPLOYMENT_TARGET = 12.0;
				LD_RUNPATH_SEARCH_PATHS = (
					"$(inherited)",
					"@executable_path/Frameworks",
				);
				MARKETING_VERSION = 1.0.0;
				PRODUCT_BUNDLE_IDENTIFIER = "comCache.TFY-POPControllerKit";
				PRODUCT_NAME = "$(TARGET_NAME)";
				TARGETED_DEVICE_FAMILY = "1,2";
			};
			name = Release;
		};
		3692187225493C0F004A99B8 /* Debug */ = {
			isa = XCBuildConfiguration;
			baseConfigurationReference = 50359B422D9174B696210D44 /* Pods-TFY_POPControllerKitTests.debug.xcconfig */;
			buildSettings = {
				BUNDLE_LOADER = "$(TEST_HOST)";
				CODE_SIGN_STYLE = Automatic;
				DEVELOPMENT_TEAM = W27SB687KJ;
				INFOPLIST_FILE = TFY_POPControllerKitTests/Info.plist;
				IPHONEOS_DEPLOYMENT_TARGET = 14.1;
				LD_RUNPATH_SEARCH_PATHS = (
					"$(inherited)",
					"@executable_path/Frameworks",
					"@loader_path/Frameworks",
				);
				PRODUCT_BUNDLE_IDENTIFIER = "comCache.TFY-POPControllerKitTests";
				PRODUCT_NAME = "$(TARGET_NAME)";
				TARGETED_DEVICE_FAMILY = "1,2";
				TEST_HOST = "$(BUILT_PRODUCTS_DIR)/TFY_POPControllerKit.app/TFY_POPControllerKit";
			};
			name = Debug;
		};
		3692187325493C0F004A99B8 /* Release */ = {
			isa = XCBuildConfiguration;
			baseConfigurationReference = 9C06F0783267BD3AA60E2576 /* Pods-TFY_POPControllerKitTests.release.xcconfig */;
			buildSettings = {
				BUNDLE_LOADER = "$(TEST_HOST)";
				CODE_SIGN_STYLE = Automatic;
				DEVELOPMENT_TEAM = W27SB687KJ;
				INFOPLIST_FILE = TFY_POPControllerKitTests/Info.plist;
				IPHONEOS_DEPLOYMENT_TARGET = 14.1;
				LD_RUNPATH_SEARCH_PATHS = (
					"$(inherited)",
					"@executable_path/Frameworks",
					"@loader_path/Frameworks",
				);
				PRODUCT_BUNDLE_IDENTIFIER = "comCache.TFY-POPControllerKitTests";
				PRODUCT_NAME = "$(TARGET_NAME)";
				TARGETED_DEVICE_FAMILY = "1,2";
				TEST_HOST = "$(BUILT_PRODUCTS_DIR)/TFY_POPControllerKit.app/TFY_POPControllerKit";
			};
			name = Release;
		};
		3692187525493C0F004A99B8 /* Debug */ = {
			isa = XCBuildConfiguration;
			baseConfigurationReference = 648CBBED4481A27F9C39DD2B /* Pods-TFY_POPControllerKit-TFY_POPControllerKitUITests.debug.xcconfig */;
			buildSettings = {
				CODE_SIGN_STYLE = Automatic;
				DEVELOPMENT_TEAM = W27SB687KJ;
				INFOPLIST_FILE = TFY_POPControllerKitUITests/Info.plist;
				LD_RUNPATH_SEARCH_PATHS = (
					"$(inherited)",
					"@executable_path/Frameworks",
					"@loader_path/Frameworks",
				);
				PRODUCT_BUNDLE_IDENTIFIER = "comCache.TFY-POPControllerKitUITests";
				PRODUCT_NAME = "$(TARGET_NAME)";
				TARGETED_DEVICE_FAMILY = "1,2";
				TEST_TARGET_NAME = TFY_POPControllerKit;
			};
			name = Debug;
		};
		3692187625493C0F004A99B8 /* Release */ = {
			isa = XCBuildConfiguration;
			baseConfigurationReference = C0D7267EFD0C68312BF1C6AD /* Pods-TFY_POPControllerKit-TFY_POPControllerKitUITests.release.xcconfig */;
			buildSettings = {
				CODE_SIGN_STYLE = Automatic;
				DEVELOPMENT_TEAM = W27SB687KJ;
				INFOPLIST_FILE = TFY_POPControllerKitUITests/Info.plist;
				LD_RUNPATH_SEARCH_PATHS = (
					"$(inherited)",
					"@executable_path/Frameworks",
					"@loader_path/Frameworks",
				);
				PRODUCT_BUNDLE_IDENTIFIER = "comCache.TFY-POPControllerKitUITests";
				PRODUCT_NAME = "$(TARGET_NAME)";
				TARGETED_DEVICE_FAMILY = "1,2";
				TEST_TARGET_NAME = TFY_POPControllerKit;
			};
			name = Release;
		};
/* End XCBuildConfiguration section */

/* Begin XCConfigurationList section */
		3692183A25493C0C004A99B8 /* Build configuration list for PBXProject "TFY_POPControllerKit" */ = {
			isa = XCConfigurationList;
			buildConfigurations = (
				3692186C25493C0F004A99B8 /* Debug */,
				3692186D25493C0F004A99B8 /* Release */,
			);
			defaultConfigurationIsVisible = 0;
			defaultConfigurationName = Release;
		};
		3692186E25493C0F004A99B8 /* Build configuration list for PBXNativeTarget "TFY_POPControllerKit" */ = {
			isa = XCConfigurationList;
			buildConfigurations = (
				3692186F25493C0F004A99B8 /* Debug */,
				3692187025493C0F004A99B8 /* Release */,
			);
			defaultConfigurationIsVisible = 0;
			defaultConfigurationName = Release;
		};
		3692187125493C0F004A99B8 /* Build configuration list for PBXNativeTarget "TFY_POPControllerKitTests" */ = {
			isa = XCConfigurationList;
			buildConfigurations = (
				3692187225493C0F004A99B8 /* Debug */,
				3692187325493C0F004A99B8 /* Release */,
			);
			defaultConfigurationIsVisible = 0;
			defaultConfigurationName = Release;
		};
		3692187425493C0F004A99B8 /* Build configuration list for PBXNativeTarget "TFY_POPControllerKitUITests" */ = {
			isa = XCConfigurationList;
			buildConfigurations = (
				3692187525493C0F004A99B8 /* Debug */,
				3692187625493C0F004A99B8 /* Release */,
			);
			defaultConfigurationIsVisible = 0;
			defaultConfigurationName = Release;
		};
/* End XCConfigurationList section */
	};
	rootObject = 3692183725493C0C004A99B8 /* Project object */;
}
