PODS:
  - TFY_AutoLayout (2.6.4):
    - TFY_AutoLayout/IOS_Layout (= 2.6.4)
    - TFY_AutoLayout/MAC_Layout (= 2.6.4)
    - TFY_AutoLayout/Util (= 2.6.4)
  - TFY_AutoLayout/IOS_Layout (2.6.4):
    - TFY_AutoLayout/Util
  - TFY_AutoLayout/MAC_Layout (2.6.4):
    - TFY_AutoLayout/Util
  - TFY_AutoLayout/Util (2.6.4)
  - TFY_LayoutCategoryKit (1.7.0):
    - TFY_LayoutCategoryKit/TFY_Categories (= 1.7.0)
    - TFY_LayoutCategoryKit/TFY_Chain (= 1.7.0)
    - TFY_LayoutCategoryKit/TFY_Tools (= 1.7.0)
  - TFY_LayoutCategoryKit/TFY_Categories (1.7.0):
    - TFY_LayoutCategoryKit/TFY_Categories/TFY_Foundation (= 1.7.0)
    - TFY_LayoutCategoryKit/TFY_Categories/TFY_UI (= 1.7.0)
    - TFY_LayoutCategoryKit/TFY_Tools
  - TFY_LayoutCategoryKit/TFY_Categories/TFY_Foundation (1.7.0):
    - TFY_LayoutCategoryKit/TFY_Tools
  - TFY_LayoutCategoryKit/TFY_Categories/TFY_UI (1.7.0):
    - TFY_LayoutCategoryKit/TFY_Tools
  - TFY_LayoutCategoryKit/TFY_Chain (1.7.0):
    - TFY_LayoutCategoryKit/TFY_Chain/TFY_CALayer (= 1.7.0)
    - TFY_LayoutCategoryKit/TFY_Chain/TFY_ChainBase (= 1.7.0)
    - TFY_LayoutCategoryKit/TFY_Chain/TFY_UIGesture (= 1.7.0)
    - TFY_LayoutCategoryKit/TFY_Chain/TFY_UIView (= 1.7.0)
  - TFY_LayoutCategoryKit/TFY_Chain/TFY_CALayer (1.7.0):
    - TFY_LayoutCategoryKit/TFY_Categories/TFY_UI
    - TFY_LayoutCategoryKit/TFY_Chain/TFY_ChainBase
  - TFY_LayoutCategoryKit/TFY_Chain/TFY_ChainBase (1.7.0)
  - TFY_LayoutCategoryKit/TFY_Chain/TFY_UIGesture (1.7.0):
    - TFY_LayoutCategoryKit/TFY_Categories/TFY_UI
    - TFY_LayoutCategoryKit/TFY_Chain/TFY_ChainBase
  - TFY_LayoutCategoryKit/TFY_Chain/TFY_UIView (1.7.0):
    - TFY_LayoutCategoryKit/TFY_Categories/TFY_Foundation
    - TFY_LayoutCategoryKit/TFY_Categories/TFY_UI
    - TFY_LayoutCategoryKit/TFY_Chain/TFY_CALayer
    - TFY_LayoutCategoryKit/TFY_Chain/TFY_ChainBase
    - TFY_LayoutCategoryKit/TFY_Chain/TFY_UIGesture
  - TFY_LayoutCategoryKit/TFY_Tools (1.7.0)

DEPENDENCIES:
  - TFY_AutoLayout
  - TFY_LayoutCategoryKit

SPEC REPOS:
  trunk:
    - TFY_AutoLayout
    - TFY_LayoutCategoryKit

SPEC CHECKSUMS:
  TFY_AutoLayout: 51019bdcdb78b9a145bd0ed351d23be93379dc0b
  TFY_LayoutCategoryKit: 2ab50444b7c6471dc3a1a79ad2251a65fb7a5c2f

PODFILE CHECKSUM: dee537419156b076bb5893c73283b1fb1a125ddc

COCOAPODS: 1.10.0
